
Microsoft Visual Studio Solution File, Format Version 12.00
# Visual Studio 14
VisualStudioVersion = 14.0.25123.0
MinimumVisualStudioVersion = 10.0.40219.1
Project("{FAE04EC0-301F-11D3-BF4B-00C04F79EFBC}") = "JEMMServices", "JEMMServices\JEMMServices.csproj", "{EC633C46-EE27-431E-A782-8F64C8A9A458}"
EndProject
Global
	GlobalSection(SolutionConfigurationPlatforms) = preSolution
		Debug|Any CPU = Debug|Any CPU
		Release|Any CPU = Release|Any CPU
	EndGlobalSection
	GlobalSection(ProjectConfigurationPlatforms) = postSolution
		{EC633C46-EE27-431E-A782-8F64C8A9A458}.Debug|Any CPU.ActiveCfg = Debug|Any CPU
		{EC633C46-EE27-431E-A782-8F64C8A9A458}.Debug|Any CPU.Build.0 = Debug|Any CPU
		{EC633C46-EE27-431E-A782-8F64C8A9A458}.Release|Any CPU.ActiveCfg = Release|Any CPU
		{EC633C46-EE27-431E-A782-8F64C8A9A458}.Release|Any CPU.Build.0 = Release|Any CPU
	EndGlobalSection
	GlobalSection(SolutionProperties) = preSolution
		HideSolutionNode = FALSE
	EndGlobalSection
EndGlobal
